
Microsoft Visual Studio Solution File, Format Version 12.00
# Visual Studio Version 16
VisualStudioVersion = 16.0.31410.357
MinimumVisualStudioVersion = 10.0.40219.1
Project("{FAE04EC0-301F-11D3-BF4B-00C04F79EFBC}") = "Bridge", "Bridge.csproj", "{89158CF4-BB53-4431-990C-ED55D772ADA6}"
EndProject
Global
	GlobalSection(SolutionConfigurationPlatforms) = preSolution
		Debug|Any CPU = Debug|Any CPU
		Release|Any CPU = Release|Any CPU
	EndGlobalSection
	GlobalSection(ProjectConfigurationPlatforms) = postSolution
		{89158CF4-BB53-4431-990C-ED55D772ADA6}.Debug|Any CPU.ActiveCfg = Debug|Any CPU
		{89158CF4-BB53-4431-990C-ED55D772ADA6}.Debug|Any CPU.Build.0 = Debug|Any CPU
		{89158CF4-BB53-4431-990C-ED55D772ADA6}.Release|Any CPU.ActiveCfg = Release|Any CPU
		{89158CF4-BB53-4431-990C-ED55D772ADA6}.Release|Any CPU.Build.0 = Release|Any CPU
	EndGlobalSection
	GlobalSection(SolutionProperties) = preSolution
		HideSolutionNode = FALSE
	EndGlobalSection
	GlobalSection(ExtensibilityGlobals) = postSolution
		SolutionGuid = {7BB967F8-418F-4875-A9E8-48A24DF31089}
	EndGlobalSection
EndGlobal
